
Microsoft Visual Studio Solution File, Format Version 10.00
# Visual Studio 2008
Project("{FAE04EC0-301F-11D3-BF4B-00C04F79EFBC}") = "CacheProvider", "CacheProvider\CacheProvider.csproj", "{8A1CB098-CEA1-41BF-9B9D-C01BCB972849}"
EndProject
Project("{FAE04EC0-301F-11D3-BF4B-00C04F79EFBC}") = "CacheProvider.Test", "CacheProvider.Test\CacheProvider.Test.csproj", "{2847DCDA-5163-42C0-87A0-2BD6945C0B52}"
EndProject
Global
	GlobalSection(TeamFoundationVersionControl) = preSolution
		SccNumberOfProjects = 3
		SccEnterpriseProvider = {4CA58AB2-18FA-4F8D-95D4-32DDF27D184C}
		SccTeamFoundationServer = https://tfs06.codeplex.com/
		SccLocalPath0 = .
		SccProjectUniqueName1 = CacheProvider.Test\\CacheProvider.Test.csproj
		SccProjectName1 = CacheProvider.Test
		SccLocalPath1 = CacheProvider.Test
		SccProjectUniqueName2 = CacheProvider\\CacheProvider.csproj
		SccProjectName2 = CacheProvider
		SccLocalPath2 = CacheProvider
	EndGlobalSection
	GlobalSection(SolutionConfigurationPlatforms) = preSolution
		Debug|Any CPU = Debug|Any CPU
		Release|Any CPU = Release|Any CPU
	EndGlobalSection
	GlobalSection(ProjectConfigurationPlatforms) = postSolution
		{8A1CB098-CEA1-41BF-9B9D-C01BCB972849}.Debug|Any CPU.ActiveCfg = Debug|Any CPU
		{8A1CB098-CEA1-41BF-9B9D-C01BCB972849}.Debug|Any CPU.Build.0 = Debug|Any CPU
		{8A1CB098-CEA1-41BF-9B9D-C01BCB972849}.Release|Any CPU.ActiveCfg = Release|Any CPU
		{8A1CB098-CEA1-41BF-9B9D-C01BCB972849}.Release|Any CPU.Build.0 = Release|Any CPU
		{2847DCDA-5163-42C0-87A0-2BD6945C0B52}.Debug|Any CPU.ActiveCfg = Debug|Any CPU
		{2847DCDA-5163-42C0-87A0-2BD6945C0B52}.Debug|Any CPU.Build.0 = Debug|Any CPU
		{2847DCDA-5163-42C0-87A0-2BD6945C0B52}.Release|Any CPU.ActiveCfg = Release|Any CPU
		{2847DCDA-5163-42C0-87A0-2BD6945C0B52}.Release|Any CPU.Build.0 = Release|Any CPU
	EndGlobalSection
	GlobalSection(SolutionProperties) = preSolution
		HideSolutionNode = FALSE
	EndGlobalSection
EndGlobal
