
Microsoft Visual Studio Solution File, Format Version 11.00
# Visual Studio 2010
Project("{2150E333-8FDC-42A3-9474-1A3956D46DE8}") = "Solution Items", "Solution Items", "{EAF584A0-A5F1-47BF-BC54-004C3978ACE8}"
	ProjectSection(SolutionItems) = preProject
		License.txt = License.txt
	EndProjectSection
EndProject
Project("{FAE04EC0-301F-11D3-BF4B-00C04F79EFBC}") = "MemcachedProviders", "MemcachedProviders\MemcachedProviders.csproj", "{B062D12C-EFB7-4CB5-B560-FB2387468E82}"
EndProject
Project("{C8D11400-126E-41CD-887F-60BD40844F9E}") = "DbSQL", "DbSQL\DbSQL.dbproj", "{67CBC824-A49E-4E9B-A947-360F3DFE65C3}"
EndProject
Project("{FAE04EC0-301F-11D3-BF4B-00C04F79EFBC}") = "CacheProvider.Test", "CacheProvider.Test\CacheProvider.Test.csproj", "{2847DCDA-5163-42C0-87A0-2BD6945C0B52}"
EndProject
Project("{FAE04EC0-301F-11D3-BF4B-00C04F79EFBC}") = "DependancyServer", "DependancyServer\DependancyServer.csproj", "{3B3B17D1-7208-4759-877C-78E507652B10}"
EndProject
Project("{FAE04EC0-301F-11D3-BF4B-00C04F79EFBC}") = "DependancyClient", "DependancyClient\DependancyClient.csproj", "{FEBACB05-C182-44D9-B04E-0E185425EB39}"
EndProject
Global
	GlobalSection(SolutionConfigurationPlatforms) = preSolution
		Debug|Any CPU = Debug|Any CPU
		Release|Any CPU = Release|Any CPU
	EndGlobalSection
	GlobalSection(ProjectConfigurationPlatforms) = postSolution
		{B062D12C-EFB7-4CB5-B560-FB2387468E82}.Debug|Any CPU.ActiveCfg = Debug|Any CPU
		{B062D12C-EFB7-4CB5-B560-FB2387468E82}.Debug|Any CPU.Build.0 = Debug|Any CPU
		{B062D12C-EFB7-4CB5-B560-FB2387468E82}.Release|Any CPU.ActiveCfg = Release|Any CPU
		{B062D12C-EFB7-4CB5-B560-FB2387468E82}.Release|Any CPU.Build.0 = Release|Any CPU
		{67CBC824-A49E-4E9B-A947-360F3DFE65C3}.Debug|Any CPU.ActiveCfg = Debug|Any CPU
		{67CBC824-A49E-4E9B-A947-360F3DFE65C3}.Release|Any CPU.ActiveCfg = Release|Any CPU
		{2847DCDA-5163-42C0-87A0-2BD6945C0B52}.Debug|Any CPU.ActiveCfg = Debug|Any CPU
		{2847DCDA-5163-42C0-87A0-2BD6945C0B52}.Debug|Any CPU.Build.0 = Debug|Any CPU
		{2847DCDA-5163-42C0-87A0-2BD6945C0B52}.Release|Any CPU.ActiveCfg = Release|Any CPU
		{2847DCDA-5163-42C0-87A0-2BD6945C0B52}.Release|Any CPU.Build.0 = Release|Any CPU
		{3B3B17D1-7208-4759-877C-78E507652B10}.Debug|Any CPU.ActiveCfg = Debug|Any CPU
		{3B3B17D1-7208-4759-877C-78E507652B10}.Debug|Any CPU.Build.0 = Debug|Any CPU
		{3B3B17D1-7208-4759-877C-78E507652B10}.Release|Any CPU.ActiveCfg = Release|Any CPU
		{3B3B17D1-7208-4759-877C-78E507652B10}.Release|Any CPU.Build.0 = Release|Any CPU
		{FEBACB05-C182-44D9-B04E-0E185425EB39}.Debug|Any CPU.ActiveCfg = Debug|Any CPU
		{FEBACB05-C182-44D9-B04E-0E185425EB39}.Debug|Any CPU.Build.0 = Debug|Any CPU
		{FEBACB05-C182-44D9-B04E-0E185425EB39}.Release|Any CPU.ActiveCfg = Release|Any CPU
		{FEBACB05-C182-44D9-B04E-0E185425EB39}.Release|Any CPU.Build.0 = Release|Any CPU
	EndGlobalSection
	GlobalSection(SolutionProperties) = preSolution
		HideSolutionNode = FALSE
	EndGlobalSection
EndGlobal
